// !$*UTF8*$!
{
	archiveVersion = 1;
	classes = {
	};
	objectVersion = 46;
	objects = {

/* Begin PBXBuildFile section */
		ED3E78E91CA21F66009B133B /* selectIt.cpp in Sources */ = {isa = PBXBuildFile; fileRef = ED3E78E71CA21F66009B133B /* selectIt.cpp */; };
		ED3E78EA1CA21F66009B133B /* selectIt.hpp in Headers */ = {isa = PBXBuildFile; fileRef = ED3E78E81CA21F66009B133B /* selectIt.hpp */; };
		EDE4211F1CD90D9E001489AD /* libboost_thread-mt.dylib in Frameworks */ = {isa = PBXBuildFile; fileRef = EDE4211A1CD90D9E001489AD /* libboost_thread-mt.dylib */; };
		EDE421201CD90D9E001489AD /* libCGAL_Core.11.0.1.dylib in Frameworks */ = {isa = PBXBuildFile; fileRef = EDE4211B1CD90D9E001489AD /* libCGAL_Core.11.0.1.dylib */; };
		EDE421211CD90D9E001489AD /* libCGAL.11.0.1.dylib in Frameworks */ = {isa = PBXBuildFile; fileRef = EDE4211C1CD90D9E001489AD /* libCGAL.11.0.1.dylib */; };
		EDE421221CD90D9E001489AD /* libgmp.10.dylib in Frameworks */ = {isa = PBXBuildFile; fileRef = EDE4211D1CD90D9E001489AD /* libgmp.10.dylib */; };
		EDE421231CD90D9E001489AD /* libmpfr.4.dylib in Frameworks */ = {isa = PBXBuildFile; fileRef = EDE4211E1CD90D9E001489AD /* libmpfr.4.dylib */; };
/* End PBXBuildFile section */

/* Begin PBXFileReference section */
		ED3E78DB1CA21F2E009B133B /* selectTest.bundle */ = {isa = PBXFileReference; explicitFileType = "compiled.mach-o.dylib"; includeInIndex = 0; path = selectTest.bundle; sourceTree = BUILT_PRODUCTS_DIR; };
		ED3E78DE1CA21F2E009B133B /* Plugin.cpp */ = {isa = PBXFileReference; lastKnownFileType = sourcecode.cpp.cpp; path = Plugin.cpp; sourceTree = "<group>"; };
		ED3E78DF1CA21F2E009B133B /* MayaPluginDebug.xcconfig */ = {isa = PBXFileReference; lastKnownFileType = text.xcconfig; path = MayaPluginDebug.xcconfig; sourceTree = "<group>"; };
		ED3E78E01CA21F2E009B133B /* MayaPluginRelease.xcconfig */ = {isa = PBXFileReference; lastKnownFileType = text.xcconfig; path = MayaPluginRelease.xcconfig; sourceTree = "<group>"; };
		ED3E78E71CA21F66009B133B /* selectIt.cpp */ = {isa = PBXFileReference; fileEncoding = 4; lastKnownFileType = sourcecode.cpp.cpp; path = selectIt.cpp; sourceTree = "<group>"; };
		ED3E78E81CA21F66009B133B /* selectIt.hpp */ = {isa = PBXFileReference; fileEncoding = 4; lastKnownFileType = sourcecode.cpp.h; path = selectIt.hpp; sourceTree = "<group>"; };
		EDE4211A1CD90D9E001489AD /* libboost_thread-mt.dylib */ = {isa = PBXFileReference; lastKnownFileType = "compiled.mach-o.dylib"; name = "libboost_thread-mt.dylib"; path = "../../../../../../opt/local/lib/libboost_thread-mt.dylib"; sourceTree = "<group>"; };
		EDE4211B1CD90D9E001489AD /* libCGAL_Core.11.0.1.dylib */ = {isa = PBXFileReference; lastKnownFileType = "compiled.mach-o.dylib"; name = libCGAL_Core.11.0.1.dylib; path = ../../../../../../opt/local/lib/libCGAL_Core.11.0.1.dylib; sourceTree = "<group>"; };
		EDE4211C1CD90D9E001489AD /* libCGAL.11.0.1.dylib */ = {isa = PBXFileReference; lastKnownFileType = "compiled.mach-o.dylib"; name = libCGAL.11.0.1.dylib; path = ../../../../../../opt/local/lib/libCGAL.11.0.1.dylib; sourceTree = "<group>"; };
		EDE4211D1CD90D9E001489AD /* libgmp.10.dylib */ = {isa = PBXFileReference; lastKnownFileType = "compiled.mach-o.dylib"; name = libgmp.10.dylib; path = ../../../../../../opt/local/lib/libgmp.10.dylib; sourceTree = "<group>"; };
		EDE4211E1CD90D9E001489AD /* libmpfr.4.dylib */ = {isa = PBXFileReference; lastKnownFileType = "compiled.mach-o.dylib"; name = libmpfr.4.dylib; path = ../../../../../../opt/local/lib/libmpfr.4.dylib; sourceTree = "<group>"; };
/* End PBXFileReference section */

/* Begin PBXFrameworksBuildPhase section */
		ED3E78D81CA21F2E009B133B /* Frameworks */ = {
			isa = PBXFrameworksBuildPhase;
			buildActionMask = 2147483647;
			files = (
				EDE421221CD90D9E001489AD /* libgmp.10.dylib in Frameworks */,
				EDE4211F1CD90D9E001489AD /* libboost_thread-mt.dylib in Frameworks */,
				EDE421201CD90D9E001489AD /* libCGAL_Core.11.0.1.dylib in Frameworks */,
				EDE421211CD90D9E001489AD /* libCGAL.11.0.1.dylib in Frameworks */,
				EDE421231CD90D9E001489AD /* libmpfr.4.dylib in Frameworks */,
			);
			runOnlyForDeploymentPostprocessing = 0;
		};
/* End PBXFrameworksBuildPhase section */

/* Begin PBXGroup section */
		ED3E78D11CA21F2E009B133B = {
			isa = PBXGroup;
			children = (
				EDE4211A1CD90D9E001489AD /* libboost_thread-mt.dylib */,
				EDE4211B1CD90D9E001489AD /* libCGAL_Core.11.0.1.dylib */,
				EDE4211C1CD90D9E001489AD /* libCGAL.11.0.1.dylib */,
				EDE4211D1CD90D9E001489AD /* libgmp.10.dylib */,
				EDE4211E1CD90D9E001489AD /* libmpfr.4.dylib */,
				ED3E78DD1CA21F2E009B133B /* selectTest */,
				ED3E78DC1CA21F2E009B133B /* Products */,
			);
			sourceTree = "<group>";
		};
		ED3E78DC1CA21F2E009B133B /* Products */ = {
			isa = PBXGroup;
			children = (
				ED3E78DB1CA21F2E009B133B /* selectTest.bundle */,
			);
			name = Products;
			sourceTree = "<group>";
		};
		ED3E78DD1CA21F2E009B133B /* selectTest */ = {
			isa = PBXGroup;
			children = (
				ED3E78DE1CA21F2E009B133B /* Plugin.cpp */,
				ED3E78DF1CA21F2E009B133B /* MayaPluginDebug.xcconfig */,
				ED3E78E01CA21F2E009B133B /* MayaPluginRelease.xcconfig */,
				ED3E78E71CA21F66009B133B /* selectIt.cpp */,
				ED3E78E81CA21F66009B133B /* selectIt.hpp */,
			);
			path = selectTest;
			sourceTree = "<group>";
		};
/* End PBXGroup section */

/* Begin PBXHeadersBuildPhase section */
		ED3E78D61CA21F2E009B133B /* Headers */ = {
			isa = PBXHeadersBuildPhase;
			buildActionMask = 2147483647;
			files = (
				ED3E78EA1CA21F66009B133B /* selectIt.hpp in Headers */,
			);
			runOnlyForDeploymentPostprocessing = 0;
		};
/* End PBXHeadersBuildPhase section */

/* Begin PBXNativeTarget section */
		ED3E78DA1CA21F2E009B133B /* selectTest */ = {
			isa = PBXNativeTarget;
			buildConfigurationList = ED3E78E31CA21F2E009B133B /* Build configuration list for PBXNativeTarget "selectTest" */;
			buildPhases = (
				ED3E78D61CA21F2E009B133B /* Headers */,
				ED3E78D71CA21F2E009B133B /* Sources */,
				ED3E78D81CA21F2E009B133B /* Frameworks */,
				ED3E78D91CA21F2E009B133B /* ShellScript */,
			);
			buildRules = (
			);
			dependencies = (
			);
			name = selectTest;
			productName = selectTest;
			productReference = ED3E78DB1CA21F2E009B133B /* selectTest.bundle */;
			productType = "com.apple.product-type.library.dynamic";
		};
/* End PBXNativeTarget section */

/* Begin PBXProject section */
		ED3E78D21CA21F2E009B133B /* Project object */ = {
			isa = PBXProject;
			attributes = {
				LastUpgradeCheck = 0720;
				ORGANIZATIONNAME = "Gary Tse";
				TargetAttributes = {
					ED3E78DA1CA21F2E009B133B = {
						CreatedOnToolsVersion = 7.2.1;
					};
				};
			};
			buildConfigurationList = ED3E78D51CA21F2E009B133B /* Build configuration list for PBXProject "selectTest" */;
			compatibilityVersion = "Xcode 3.2";
			developmentRegion = English;
			hasScannedForEncodings = 0;
			knownRegions = (
				en,
			);
			mainGroup = ED3E78D11CA21F2E009B133B;
			productRefGroup = ED3E78DC1CA21F2E009B133B /* Products */;
			projectDirPath = "";
			projectRoot = "";
			targets = (
				ED3E78DA1CA21F2E009B133B /* selectTest */,
			);
		};
/* End PBXProject section */

/* Begin PBXShellScriptBuildPhase section */
		ED3E78D91CA21F2E009B133B /* ShellScript */ = {
			isa = PBXShellScriptBuildPhase;
			buildActionMask = 2147483647;
			files = (
			);
			inputPaths = (
			);
			outputPaths = (
			);
			runOnlyForDeploymentPostprocessing = 0;
			shellPath = /bin/sh;
			shellScript = "INSTALL_ROOT=$HOME/Library/Preferences/Autodesk/maya/$MAYA_VERSION\nmkdir -p $INSTALL_ROOT/plug-ins\ncp $BUILT_PRODUCTS_DIR/$PRODUCT_NAME.bundle $INSTALL_ROOT/plug-ins\n\t\t\t\t\t\t\t\t\t\t";
		};
/* End PBXShellScriptBuildPhase section */

/* Begin PBXSourcesBuildPhase section */
		ED3E78D71CA21F2E009B133B /* Sources */ = {
			isa = PBXSourcesBuildPhase;
			buildActionMask = 2147483647;
			files = (
				ED3E78E91CA21F66009B133B /* selectIt.cpp in Sources */,
			);
			runOnlyForDeploymentPostprocessing = 0;
		};
/* End PBXSourcesBuildPhase section */

/* Begin XCBuildConfiguration section */
		ED3E78E11CA21F2E009B133B /* Debug */ = {
			isa = XCBuildConfiguration;
			buildSettings = {
				ARCHS = "$(ARCHS_STANDARD_64_BIT)";
				CLANG_CXX_LANGUAGE_STANDARD = "c++0x";
				CLANG_CXX_LIBRARY = "libc++";
				GCC_PREPROCESSOR_DEFINITIONS = (
					MAC_PLUGIN,
					OSMac_,
					REQUIRE_IOSTREAM,
				);
				HEADER_SEARCH_PATHS = (
					.,
					"$(MAYA_LOCATION)/devkit/include/",
					/opt/local/include/,
				);
				LIBRARY_SEARCH_PATHS = "$(MAYA_LOCATION)/Maya.app/Contents/MacOS";
				LIBRARY_STYLE = BUNDLE;
				MAYA_LOCATION = "/Applications/Autodesk/maya$(MAYA_VERSION)";
				OTHER_LDFLAGS = (
					"-Wl,-executable_path,$(MAYA_LOCATION)/Maya.app/Contents/MacOS",
					"-Wl,-exported_symbol,__Z16initializePlugin7MObject",
					"-Wl,-exported_symbol,__Z18uninitializePlugin7MObject",
					"-lOpenMaya",
					"-lOpenMayaAnim",
					"-lOpenMayaRender",
					"-lOpenMayaUI",
					"-lFoundation",
					"-stdlib=libc++",
					"-std=c++11",
				);
			};
			name = Debug;
		};
		ED3E78E21CA21F2E009B133B /* Release */ = {
			isa = XCBuildConfiguration;
			buildSettings = {
				ARCHS = "$(ARCHS_STANDARD_64_BIT)";
				CLANG_CXX_LANGUAGE_STANDARD = "c++0x";
				CLANG_CXX_LIBRARY = "libc++";
				GCC_PREPROCESSOR_DEFINITIONS = (
					MAC_PLUGIN,
					OSMac_,
					REQUIRE_IOSTREAM,
				);
				HEADER_SEARCH_PATHS = (
					.,
					"$(MAYA_LOCATION)/devkit/include/",
					/opt/local/include/,
				);
				LIBRARY_SEARCH_PATHS = "$(MAYA_LOCATION)/Maya.app/Contents/MacOS";
				LIBRARY_STYLE = BUNDLE;
				MAYA_LOCATION = "/Applications/Autodesk/maya$(MAYA_VERSION)";
				OTHER_LDFLAGS = (
					"-Wl,-executable_path,$(MAYA_LOCATION)/Maya.app/Contents/MacOS",
					"-Wl,-exported_symbol,__Z16initializePlugin7MObject",
					"-Wl,-exported_symbol,__Z18uninitializePlugin7MObject",
					"-lOpenMaya",
					"-lOpenMayaAnim",
					"-lOpenMayaRender",
					"-lOpenMayaUI",
					"-lFoundation",
					"-stdlib=libc++",
					"-std=c++11",
				);
			};
			name = Release;
		};
		ED3E78E41CA21F2E009B133B /* Debug */ = {
			isa = XCBuildConfiguration;
			baseConfigurationReference = ED3E78DF1CA21F2E009B133B /* MayaPluginDebug.xcconfig */;
			buildSettings = {
				CLANG_CXX_LANGUAGE_STANDARD = "c++0x";
				CLANG_CXX_LIBRARY = "libc++";
				GCC_VERSION = "";
				LIBRARY_SEARCH_PATHS = (
					"$(inherited)",
					/opt/local/lib,
				);
				MAYA_VERSION = 2016;
			};
			name = Debug;
		};
		ED3E78E51CA21F2E009B133B /* Release */ = {
			isa = XCBuildConfiguration;
			baseConfigurationReference = ED3E78E01CA21F2E009B133B /* MayaPluginRelease.xcconfig */;
			buildSettings = {
				CLANG_CXX_LANGUAGE_STANDARD = "c++0x";
				CLANG_CXX_LIBRARY = "libc++";
				GCC_VERSION = "";
				LIBRARY_SEARCH_PATHS = (
					"$(inherited)",
					/opt/local/lib,
				);
				MAYA_VERSION = 2016;
			};
			name = Release;
		};
/* End XCBuildConfiguration section */

/* Begin XCConfigurationList section */
		ED3E78D51CA21F2E009B133B /* Build configuration list for PBXProject "selectTest" */ = {
			isa = XCConfigurationList;
			buildConfigurations = (
				ED3E78E11CA21F2E009B133B /* Debug */,
				ED3E78E21CA21F2E009B133B /* Release */,
			);
			defaultConfigurationIsVisible = 0;
			defaultConfigurationName = Release;
		};
		ED3E78E31CA21F2E009B133B /* Build configuration list for PBXNativeTarget "selectTest" */ = {
			isa = XCConfigurationList;
			buildConfigurations = (
				ED3E78E41CA21F2E009B133B /* Debug */,
				ED3E78E51CA21F2E009B133B /* Release */,
			);
			defaultConfigurationIsVisible = 0;
			defaultConfigurationName = Release;
		};
/* End XCConfigurationList section */
	};
	rootObject = ED3E78D21CA21F2E009B133B /* Project object */;
}
